
Microsoft Visual Studio Solution File, Format Version 12.00
# Visual Studio Version 17
VisualStudioVersion = 17.5.002.0
MinimumVisualStudioVersion = 10.0.40219.1
Project("{9A19103F-16F7-4668-BE54-9A1E7A4F7556}") = "BlogApp", "BlogApp.csproj", "{7BFC3F7C-AF2C-4ED3-A76D-7A9B5695B52A}"
EndProject
Global
	GlobalSection(SolutionConfigurationPlatforms) = preSolution
		Debug|Any CPU = Debug|Any CPU
		Release|Any CPU = Release|Any CPU
	EndGlobalSection
	GlobalSection(ProjectConfigurationPlatforms) = postSolution
		{7BFC3F7C-AF2C-4ED3-A76D-7A9B5695B52A}.Debug|Any CPU.ActiveCfg = Debug|Any CPU
		{7BFC3F7C-AF2C-4ED3-A76D-7A9B5695B52A}.Debug|Any CPU.Build.0 = Debug|Any CPU
		{7BFC3F7C-AF2C-4ED3-A76D-7A9B5695B52A}.Release|Any CPU.ActiveCfg = Release|Any CPU
		{7BFC3F7C-AF2C-4ED3-A76D-7A9B5695B52A}.Release|Any CPU.Build.0 = Release|Any CPU
	EndGlobalSection
	GlobalSection(SolutionProperties) = preSolution
		HideSolutionNode = FALSE
	EndGlobalSection
	GlobalSection(ExtensibilityGlobals) = postSolution
		SolutionGuid = {3DA93FE0-C539-42BA-80CD-BF5F2BB4D6B0}
	EndGlobalSection
EndGlobal
